
Microsoft Visual Studio Solution File, Format Version 12.00
# Visual Studio Version 17
VisualStudioVersion = 17.6.33723.286
MinimumVisualStudioVersion = 10.0.40219.1
Project("{FAE04EC0-301F-11D3-BF4B-00C04F79EFBC}") = "WaterMes", "WaterMes\WaterMes.csproj", "{0264236F-6846-4CF7-8DAA-D78A2FD5955B}"
EndProject
Global
	GlobalSection(SolutionConfigurationPlatforms) = preSolution
		Debug|Any CPU = Debug|Any CPU
		Release|Any CPU = Release|Any CPU
	EndGlobalSection
	GlobalSection(ProjectConfigurationPlatforms) = postSolution
		{0264236F-6846-4CF7-8DAA-D78A2FD5955B}.Debug|Any CPU.ActiveCfg = Debug|Any CPU
		{0264236F-6846-4CF7-8DAA-D78A2FD5955B}.Debug|Any CPU.Build.0 = Debug|Any CPU
		{0264236F-6846-4CF7-8DAA-D78A2FD5955B}.Release|Any CPU.ActiveCfg = Release|Any CPU
		{0264236F-6846-4CF7-8DAA-D78A2FD5955B}.Release|Any CPU.Build.0 = Release|Any CPU
	EndGlobalSection
	GlobalSection(SolutionProperties) = preSolution
		HideSolutionNode = FALSE
	EndGlobalSection
	GlobalSection(ExtensibilityGlobals) = postSolution
		SolutionGuid = {A560A3A9-F68E-41B1-AD43-2AC7C83795E7}
	EndGlobalSection
EndGlobal
